
Microsoft Visual Studio Solution File, Format Version 12.00
# Visual Studio Version 16
VisualStudioVersion = 25.0.1706.6
MinimumVisualStudioVersion = 10.0.40219.1
Project("{FAE04EC0-301F-11D3-BF4B-00C04F79EFBC}") = "MoreWeaponDamage", "MoreWeaponDamage\MoreWeaponDamage.csproj", "{43B2CD03-9A6B-4CC2-B676-3E74CD7AC1E8}"
EndProject
Global
	GlobalSection(SolutionConfigurationPlatforms) = preSolution
		Debug|Any CPU = Debug|Any CPU
		Release|Any CPU = Release|Any CPU
	EndGlobalSection
	GlobalSection(ProjectConfigurationPlatforms) = postSolution
		{43B2CD03-9A6B-4CC2-B676-3E74CD7AC1E8}.Debug|Any CPU.ActiveCfg = Debug|Any CPU
		{43B2CD03-9A6B-4CC2-B676-3E74CD7AC1E8}.Debug|Any CPU.Build.0 = Debug|Any CPU
		{43B2CD03-9A6B-4CC2-B676-3E74CD7AC1E8}.Release|Any CPU.ActiveCfg = Release|Any CPU
		{43B2CD03-9A6B-4CC2-B676-3E74CD7AC1E8}.Release|Any CPU.Build.0 = Release|Any CPU
	EndGlobalSection
	GlobalSection(SolutionProperties) = preSolution
		HideSolutionNode = FALSE
	EndGlobalSection
	GlobalSection(ExtensibilityGlobals) = postSolution
		SolutionGuid = {25BE5B69-8A13-4EEC-8F4C-AD4778B14907}
	EndGlobalSection
EndGlobal
